dependencies:
- name: kafka
  repository: https://charts.bitnami.com/bitnami
  version: 13.1.1
- name: kafdrop
  repository: https://bedag.github.io/helm-charts
  version: 0.2.3
- name: spark
  repository: https://charts.bitnami.com/bitnami
  version: 5.7.0
- name: hdfs
  repository: https://gchq.github.io/gaffer-docker
  version: 0.13.0
digest: sha256:e35a61bdadc98ae8bef0ef93cadc3950021d9d0e55aad0f1589556f1feeecb2a
generated: "2021-07-28T22:40:52.373067-07:00"
