dependencies:
- name: kafka
  repository: https://charts.bitnami.com/bitnami
  version: 13.0.0
- name: kafdrop
  repository: https://bedag.github.io/helm-charts
  version: 0.2.3
- name: spark
  repository: https://charts.bitnami.com/bitnami
  version: 5.5.3
- name: hdfs
  repository: https://gradiant.github.io/charts
  version: 0.1.10
digest: sha256:f8af768739bfd1324d45839582d4fcdd0c82872f7041bbc946fe584d059c7b63
generated: "2021-06-28T00:55:55.9788951-07:00"
